{
  "requires": true,
  "lockfileVersion": 1,
  "dependencies": {
    "bootstrap-4-grid": {
      "version": "3.2.0"
    },
    "core-js": {
      "version": "3.4.4",
      "resolved": "https://registry.npmjs.org/core-js/-/core-js-3.4.4.tgz",
      "integrity": "sha512-vKea1DrcLA80Hrfc7AQgfoGvEaByfR5mH08t+zuWOWY94TFBmabdEL56mUbcijvadG9RxsXR2gUUFrfj4/iTcA=="
    },
    "custom-event-polyfill": {
      "version": "1.0.7",
      "resolved": "https://registry.npmjs.org/custom-event-polyfill/-/custom-event-polyfill-1.0.7.tgz",
      "integrity": "sha512-TDDkd5DkaZxZFM8p+1I3yAlvM3rSr1wbrOliG4yJiwinMZN8z/iGL7BTlDkrJcYTmgUSb4ywVCc3ZaUtOtC76w=="
    },
    "domurl": {
      "version": "2.2.0"
    },
    "loadjs": {
      "version": "3.6.1",
      "resolved": "https://registry.npmjs.org/loadjs/-/loadjs-3.6.1.tgz",
      "integrity": "sha512-AZEBw2GWdJk2IzBgQ+Wohoao5j+t0rajqK8dJu8jQqgYxDTxhmCt0ayMo/vCa0ZAMvZxnJcam6uLICfnVd8KAw=="
    },
    "normalize.css": {
      "version": "8.0.1"
    },
    "plyr": {
      "version": "3.5.6",
      "requires": {
        "core-js": "3.4.4",
        "custom-event-polyfill": "1.0.7",
        "loadjs": "3.6.1",
        "rangetouch": "2.0.0",
        "url-polyfill": "1.1.7"
      }
    },
    "rangetouch": {
      "version": "2.0.0",
      "resolved": "https://registry.npmjs.org/rangetouch/-/rangetouch-2.0.0.tgz",
      "integrity": "sha512-y66wTFbwh7KafYligRsmIYYR1kZY8U9tGHH9PgbVhBUFmGzPMsOSjslXPedgR5D3M9W1QKVbAf1AtaVAt7JJTw=="
    },
    "simple-lightbox": {
      "version": "2.1.0",
      "resolved": "https://registry.npmjs.org/simple-lightbox/-/simple-lightbox-2.1.0.tgz",
      "integrity": "sha512-cfIe4fKEA/qObvOKs1mbMCOhKYAClFrdZyWjZ+BJFyWOeg+ckjhydM+JajCL+nF9GRcidqfv15BYl3gfbzawXQ=="
    },
    "url-polyfill": {
      "version": "1.1.7",
      "resolved": "https://registry.npmjs.org/url-polyfill/-/url-polyfill-1.1.7.tgz",
      "integrity": "sha512-ZrAxYWCREjmMtL8gSbSiKKLZZticgihCvVBtrFbUVpyoETt8GQJeG2okMWA8XryDAaHMjJfhnc+rnhXRbI4DXA=="
    }
  }
}
