# THIS IS AN AUTOGENERATED FILE. DO NOT EDIT THIS FILE DIRECTLY.
# yarn lockfile v1


bootstrap-4-grid@^3.2.0:
  version "3.2.0"
  resolved "https://registry.yarnpkg.com/bootstrap-4-grid/-/bootstrap-4-grid-3.2.0.tgz#806271ff0f0cde89e4b3b84583007f8c184e97ea"
  integrity sha512-awtiD3KjdcnRI23H+YIMxSayjDPGDP+yAuUCkPleEZ89p+DBWwYLLTQSF4y98uZSZrVrgSAILzuE7Zo72333Tg==

core-js@^3.1.4:
  version "3.4.4"
  resolved "https://registry.yarnpkg.com/core-js/-/core-js-3.4.4.tgz#e3d422f8a51adc4cae2bfa04cef26a5ccc046d29"
  integrity sha512-vKea1DrcLA80Hrfc7AQgfoGvEaByfR5mH08t+zuWOWY94TFBmabdEL56mUbcijvadG9RxsXR2gUUFrfj4/iTcA==

custom-event-polyfill@^1.0.7:
  version "1.0.7"
  resolved "https://registry.yarnpkg.com/custom-event-polyfill/-/custom-event-polyfill-1.0.7.tgz#9bc993ddda937c1a30ccd335614c6c58c4f87aee"
  integrity sha512-TDDkd5DkaZxZFM8p+1I3yAlvM3rSr1wbrOliG4yJiwinMZN8z/iGL7BTlDkrJcYTmgUSb4ywVCc3ZaUtOtC76w==

domurl@^2.2.0:
  version "2.2.0"
  resolved "https://registry.yarnpkg.com/domurl/-/domurl-2.2.0.tgz#b150f0cbbbfcd5bc19e733eb5b59ad0f2d163097"
  integrity sha512-HImTLh3nL9tTbM5OvgixJ7wknTiRJXAwk219mMKlE53P71hFNO/rIap2LkOFbDjm/0ivhlXXN3Srq1cdz2zoGg==

jquery@>=1.7.0:
  version "3.4.1"
  resolved "https://registry.yarnpkg.com/jquery/-/jquery-3.4.1.tgz#714f1f8d9dde4bdfa55764ba37ef214630d80ef2"
  integrity sha512-36+AdBzCL+y6qjw5Tx7HgzeGCzC81MDDgaUP8ld2zhx58HdqXGoBd+tHdrBMiyjGQs0Hxs/MLZTu/eHNJJuWPw==

loadjs@^3.6.1:
  version "3.6.1"
  resolved "https://registry.yarnpkg.com/loadjs/-/loadjs-3.6.1.tgz#1e756ccd4f4c5ed4988085b330e1b4ad9b6a8340"
  integrity sha512-AZEBw2GWdJk2IzBgQ+Wohoao5j+t0rajqK8dJu8jQqgYxDTxhmCt0ayMo/vCa0ZAMvZxnJcam6uLICfnVd8KAw==

normalize.css@^8.0.1:
  version "8.0.1"
  resolved "https://registry.yarnpkg.com/normalize.css/-/normalize.css-8.0.1.tgz#9b98a208738b9cc2634caacbc42d131c97487bf3"
  integrity sha512-qizSNPO93t1YUuUhP22btGOo3chcvDFqFaj2TRybP0DMxkHOCTYwp3n34fel4a31ORXy4m1Xq0Gyqpb5m33qIg==

plyr@^3.5.6:
  version "3.5.6"
  resolved "https://registry.yarnpkg.com/plyr/-/plyr-3.5.6.tgz#1679d098af3fd0541bba62bc03f662f7c9ae6f2b"
  integrity sha512-buudbt2qwZYjEdBXW9DvQ7t/LqaSbv9tSjCrqg7nTXVM5BXNdhuiJCyvko+5+DFMdp30mliyKGoOHGXz43OwrA==
  dependencies:
    core-js "^3.1.4"
    custom-event-polyfill "^1.0.7"
    loadjs "^3.6.1"
    rangetouch "^2.0.0"
    url-polyfill "^1.1.5"

rangetouch@^2.0.0:
  version "2.0.0"
  resolved "https://registry.yarnpkg.com/rangetouch/-/rangetouch-2.0.0.tgz#5459cdb38b929326c5484ab47aac9632fbe3a896"
  integrity sha512-y66wTFbwh7KafYligRsmIYYR1kZY8U9tGHH9PgbVhBUFmGzPMsOSjslXPedgR5D3M9W1QKVbAf1AtaVAt7JJTw==

simplelightbox@^1.17.3:
  version "1.17.3"
  resolved "https://registry.yarnpkg.com/simplelightbox/-/simplelightbox-1.17.3.tgz#f886cc789c90568699ef92923a87a64ffc14f740"
  integrity sha512-PMQteGjJAgcRuxaOLtmc9RHIIyoyLQUoT0PprzeRwJSmV6SqwsKKYE4yA6O9um5bJw7suf5BMos52C5HBEg5Eg==
  dependencies:
    jquery ">=1.7.0"

url-polyfill@^1.1.5:
  version "1.1.7"
  resolved "https://registry.yarnpkg.com/url-polyfill/-/url-polyfill-1.1.7.tgz#402ee84360eb549bbeb585f4c7971e79a31de9e3"
  integrity sha512-ZrAxYWCREjmMtL8gSbSiKKLZZticgihCvVBtrFbUVpyoETt8GQJeG2okMWA8XryDAaHMjJfhnc+rnhXRbI4DXA==
